Microsoft Visual Studio Solution File, Format Version 11.00
# Visual Studio 2008

Project("{D538FBE2-B36D-E316-8CBD-69B6C5C43D85}") = "test_3", "Assembly-UnityScript-firstpass.unityproj", "{D5C1AE3F-8BEF-6E39-8065-093CC0565CD6}"
EndProject
Project("{D538FBE2-B36D-E316-8CBD-69B6C5C43D85}") = "test_3", "Assembly-UnityScript.unityproj", "{C6C77CBA-D04D-CD90-848B-9741A5024B23}"
EndProject
Global
	GlobalSection(SolutionConfigurationPlatforms) = preSolution
		Debug|Any CPU = Debug|Any CPU
		Release|Any CPU = Release|Any CPU
	EndGlobalSection
	GlobalSection(ProjectConfigurationPlatforms) = postSolution
		{D5C1AE3F-8BEF-6E39-8065-093CC0565CD6}.Debug|Any CPU.ActiveCfg = Debug|Any CPU
		{D5C1AE3F-8BEF-6E39-8065-093CC0565CD6}.Debug|Any CPU.Build.0 = Debug|Any CPU
		{D5C1AE3F-8BEF-6E39-8065-093CC0565CD6}.Release|Any CPU.ActiveCfg = Release|Any CPU
		{D5C1AE3F-8BEF-6E39-8065-093CC0565CD6}.Release|Any CPU.Build.0 = Release|Any CPU
		{C6C77CBA-D04D-CD90-848B-9741A5024B23}.Debug|Any CPU.ActiveCfg = Debug|Any CPU
		{C6C77CBA-D04D-CD90-848B-9741A5024B23}.Debug|Any CPU.Build.0 = Debug|Any CPU
		{C6C77CBA-D04D-CD90-848B-9741A5024B23}.Release|Any CPU.ActiveCfg = Release|Any CPU
		{C6C77CBA-D04D-CD90-848B-9741A5024B23}.Release|Any CPU.Build.0 = Release|Any CPU
	EndGlobalSection
	GlobalSection(SolutionProperties) = preSolution
		HideSolutionNode = FALSE
	EndGlobalSection
														GlobalSection(MonoDevelopProperties) = preSolution
		StartupItem = Assembly-CSharp.csproj
		Policies = $0
		$0.TextStylePolicy = $1
		$1.inheritsSet = null
		$1.scope = text/x-csharp
		$0.CSharpFormattingPolicy = $2
		$2.inheritsSet = Mono
		$2.inheritsScope = text/x-csharp
		$2.scope = text/x-csharp
		$0.TextStylePolicy = $3
		$3.FileWidth = 120
		$3.TabWidth = 4
		$3.EolMarker = Unix
		$3.inheritsSet = Mono
		$3.inheritsScope = text/plain
		$3.scope = text/plain
	EndGlobalSection

EndGlobal
